
Microsoft Visual Studio Solution File, Format Version 12.00
# Visual Studio 15
VisualStudioVersion = 15.0.28307.852
MinimumVisualStudioVersion = 10.0.40219.1
Project("{FAE04EC0-301F-11D3-BF4B-00C04F79EFBC}") = "ElemnetUi+Vue.JS+Mvc", "ElemnetUi+Vue.JS+Mvc\ElemnetUi+Vue.JS+Mvc.csproj", "{8E8FC107-F8D4-4EEA-9A3E-9F9A754E5302}"
EndProject
Global
	GlobalSection(SolutionConfigurationPlatforms) = preSolution
		Debug|Any CPU = Debug|Any CPU
		Release|Any CPU = Release|Any CPU
	EndGlobalSection
	GlobalSection(ProjectConfigurationPlatforms) = postSolution
		{8E8FC107-F8D4-4EEA-9A3E-9F9A754E5302}.Debug|Any CPU.ActiveCfg = Debug|Any CPU
		{8E8FC107-F8D4-4EEA-9A3E-9F9A754E5302}.Debug|Any CPU.Build.0 = Debug|Any CPU
		{8E8FC107-F8D4-4EEA-9A3E-9F9A754E5302}.Release|Any CPU.ActiveCfg = Release|Any CPU
		{8E8FC107-F8D4-4EEA-9A3E-9F9A754E5302}.Release|Any CPU.Build.0 = Release|Any CPU
	EndGlobalSection
	GlobalSection(SolutionProperties) = preSolution
		HideSolutionNode = FALSE
	EndGlobalSection
	GlobalSection(ExtensibilityGlobals) = postSolution
		SolutionGuid = {58C66DAB-2188-44BA-AA24-9DA5AB2FA520}
	EndGlobalSection
EndGlobal
